
Microsoft Visual Studio Solution File, Format Version 12.00
# Visual Studio Version 16
VisualStudioVersion = 16.0.30309.148
MinimumVisualStudioVersion = 10.0.40219.1
Project("{9A19103F-16F7-4668-BE54-9A1E7A4F7556}") = "AutoHarvest", "AutoHarvest\AutoHarvest.csproj", "{66C51C42-1E38-4769-A077-B3D486F1AD54}"
EndProject
Project("{9A19103F-16F7-4668-BE54-9A1E7A4F7556}") = "Launcher", "Launcher\Launcher.csproj", "{0CAF80C5-46D8-454D-A90B-CE3C4F574588}"
EndProject
Project("{9A19103F-16F7-4668-BE54-9A1E7A4F7556}") = "AutoHarvest.Tests", "AutoHarvest.Tests\AutoHarvest.Tests.csproj", "{18152F33-AF5E-4A83-AC69-43277DC3F23B}"
EndProject
Global
	GlobalSection(SolutionConfigurationPlatforms) = preSolution
		Debug|Any CPU = Debug|Any CPU
		Debug|x64 = Debug|x64
		Release|Any CPU = Release|Any CPU
		Release|x64 = Release|x64
	EndGlobalSection
	GlobalSection(ProjectConfigurationPlatforms) = postSolution
		{66C51C42-1E38-4769-A077-B3D486F1AD54}.Debug|Any CPU.ActiveCfg = Debug|Any CPU
		{66C51C42-1E38-4769-A077-B3D486F1AD54}.Debug|Any CPU.Build.0 = Debug|Any CPU
		{66C51C42-1E38-4769-A077-B3D486F1AD54}.Debug|x64.ActiveCfg = Debug|Any CPU
		{66C51C42-1E38-4769-A077-B3D486F1AD54}.Debug|x64.Build.0 = Debug|Any CPU
		{66C51C42-1E38-4769-A077-B3D486F1AD54}.Release|Any CPU.ActiveCfg = Release|Any CPU
		{66C51C42-1E38-4769-A077-B3D486F1AD54}.Release|Any CPU.Build.0 = Release|Any CPU
		{66C51C42-1E38-4769-A077-B3D486F1AD54}.Release|x64.ActiveCfg = Release|x64
		{66C51C42-1E38-4769-A077-B3D486F1AD54}.Release|x64.Build.0 = Release|x64
		{0CAF80C5-46D8-454D-A90B-CE3C4F574588}.Debug|Any CPU.ActiveCfg = Debug|Any CPU
		{0CAF80C5-46D8-454D-A90B-CE3C4F574588}.Debug|Any CPU.Build.0 = Debug|Any CPU
		{0CAF80C5-46D8-454D-A90B-CE3C4F574588}.Debug|x64.ActiveCfg = Debug|Any CPU
		{0CAF80C5-46D8-454D-A90B-CE3C4F574588}.Debug|x64.Build.0 = Debug|Any CPU
		{0CAF80C5-46D8-454D-A90B-CE3C4F574588}.Release|Any CPU.ActiveCfg = Release|Any CPU
		{0CAF80C5-46D8-454D-A90B-CE3C4F574588}.Release|Any CPU.Build.0 = Release|Any CPU
		{0CAF80C5-46D8-454D-A90B-CE3C4F574588}.Release|x64.ActiveCfg = Release|Any CPU
		{0CAF80C5-46D8-454D-A90B-CE3C4F574588}.Release|x64.Build.0 = Release|Any CPU
		{18152F33-AF5E-4A83-AC69-43277DC3F23B}.Debug|Any CPU.ActiveCfg = Debug|Any CPU
		{18152F33-AF5E-4A83-AC69-43277DC3F23B}.Debug|Any CPU.Build.0 = Debug|Any CPU
		{18152F33-AF5E-4A83-AC69-43277DC3F23B}.Debug|x64.ActiveCfg = Debug|Any CPU
		{18152F33-AF5E-4A83-AC69-43277DC3F23B}.Debug|x64.Build.0 = Debug|Any CPU
		{18152F33-AF5E-4A83-AC69-43277DC3F23B}.Release|Any CPU.ActiveCfg = Release|Any CPU
		{18152F33-AF5E-4A83-AC69-43277DC3F23B}.Release|Any CPU.Build.0 = Release|Any CPU
		{18152F33-AF5E-4A83-AC69-43277DC3F23B}.Release|x64.ActiveCfg = Release|Any CPU
		{18152F33-AF5E-4A83-AC69-43277DC3F23B}.Release|x64.Build.0 = Release|Any CPU
	EndGlobalSection
	GlobalSection(SolutionProperties) = preSolution
		HideSolutionNode = FALSE
	EndGlobalSection
	GlobalSection(ExtensibilityGlobals) = postSolution
		SolutionGuid = {2D1FB8C1-401E-438E-8873-420775E7626C}
	EndGlobalSection
EndGlobal
